
Microsoft Visual Studio Solution File, Format Version 12.00
# Visual Studio 15
VisualStudioVersion = 15.0.28307.539
MinimumVisualStudioVersion = 10.0.40219.1
Project("{FAE04EC0-301F-11D3-BF4B-00C04F79EFBC}") = "ViVA.LZPD.ExportModul", "ViVA.LZPD.ExportModul\ViVA.LZPD.ExportModul.csproj", "{1E13D60A-52E6-44F4-9807-7F96B227A4B9}"
EndProject
Project("{FAE04EC0-301F-11D3-BF4B-00C04F79EFBC}") = "ViVA.LZPD.ExportModul.Tests", "ViVA.LZPD.ExportModul.Tests\ViVA.LZPD.ExportModul.Tests.csproj", "{043CDA86-034B-4DA5-A9DC-EFCDDAAB87E4}"
EndProject
Global
	GlobalSection(SolutionConfigurationPlatforms) = preSolution
		Debug|Any CPU = Debug|Any CPU
		Release|Any CPU = Release|Any CPU
	EndGlobalSection
	GlobalSection(ProjectConfigurationPlatforms) = postSolution
		{1E13D60A-52E6-44F4-9807-7F96B227A4B9}.Debug|Any CPU.ActiveCfg = Debug|Any CPU
		{1E13D60A-52E6-44F4-9807-7F96B227A4B9}.Debug|Any CPU.Build.0 = Debug|Any CPU
		{1E13D60A-52E6-44F4-9807-7F96B227A4B9}.Release|Any CPU.ActiveCfg = Release|Any CPU
		{1E13D60A-52E6-44F4-9807-7F96B227A4B9}.Release|Any CPU.Build.0 = Release|Any CPU
		{043CDA86-034B-4DA5-A9DC-EFCDDAAB87E4}.Debug|Any CPU.ActiveCfg = Debug|Any CPU
		{043CDA86-034B-4DA5-A9DC-EFCDDAAB87E4}.Debug|Any CPU.Build.0 = Debug|Any CPU
		{043CDA86-034B-4DA5-A9DC-EFCDDAAB87E4}.Release|Any CPU.ActiveCfg = Release|Any CPU
		{043CDA86-034B-4DA5-A9DC-EFCDDAAB87E4}.Release|Any CPU.Build.0 = Release|Any CPU
	EndGlobalSection
	GlobalSection(SolutionProperties) = preSolution
		HideSolutionNode = FALSE
	EndGlobalSection
	GlobalSection(ExtensibilityGlobals) = postSolution
		SolutionGuid = {1457D7CC-0774-4EB6-894D-0E5B8EF051A4}
	EndGlobalSection
EndGlobal
